
Microsoft Visual Studio Solution File, Format Version 12.00
# Visual Studio Version 16
VisualStudioVersion = 16.0.30503.244
MinimumVisualStudioVersion = 10.0.40219.1
Project("{FAE04EC0-301F-11D3-BF4B-00C04F79EFBC}") = "Lektion 16. Abstractions - Draw Flags", "Lektion 16. Abstractions - Draw Flags\Lektion 16. Abstractions - Draw Flags.csproj", "{C320C2CE-F180-4CFD-BDA5-6D6EA89CDF84}"
EndProject
Global
	GlobalSection(SolutionConfigurationPlatforms) = preSolution
		Debug|Any CPU = Debug|Any CPU
		Release|Any CPU = Release|Any CPU
	EndGlobalSection
	GlobalSection(ProjectConfigurationPlatforms) = postSolution
		{C320C2CE-F180-4CFD-BDA5-6D6EA89CDF84}.Debug|Any CPU.ActiveCfg = Debug|Any CPU
		{C320C2CE-F180-4CFD-BDA5-6D6EA89CDF84}.Debug|Any CPU.Build.0 = Debug|Any CPU
		{C320C2CE-F180-4CFD-BDA5-6D6EA89CDF84}.Release|Any CPU.ActiveCfg = Release|Any CPU
		{C320C2CE-F180-4CFD-BDA5-6D6EA89CDF84}.Release|Any CPU.Build.0 = Release|Any CPU
	EndGlobalSection
	GlobalSection(SolutionProperties) = preSolution
		HideSolutionNode = FALSE
	EndGlobalSection
	GlobalSection(ExtensibilityGlobals) = postSolution
		SolutionGuid = {8D31D769-B64E-4D94-B5A5-1A87026CA3F6}
	EndGlobalSection
EndGlobal
